
Microsoft Visual Studio Solution File, Format Version 11.00
# Visual Studio 2010
Project("{FAE04EC0-301F-11D3-BF4B-00C04F79EFBC}") = "Kululu.DAL", "Kululu.DAL.csproj", "{00C21DB6-EC1C-4536-BB2F-295C9A0AEDAC}"
EndProject
Global
	GlobalSection(SolutionConfigurationPlatforms) = preSolution
		Debug|Any CPU = Debug|Any CPU
		Release|Any CPU = Release|Any CPU
	EndGlobalSection
	GlobalSection(ProjectConfigurationPlatforms) = postSolution
		{00C21DB6-EC1C-4536-BB2F-295C9A0AEDAC}.Debug|Any CPU.ActiveCfg = Debug|Any CPU
		{00C21DB6-EC1C-4536-BB2F-295C9A0AEDAC}.Debug|Any CPU.Build.0 = Debug|Any CPU
		{00C21DB6-EC1C-4536-BB2F-295C9A0AEDAC}.Release|Any CPU.ActiveCfg = Release|Any CPU
		{00C21DB6-EC1C-4536-BB2F-295C9A0AEDAC}.Release|Any CPU.Build.0 = Release|Any CPU
	EndGlobalSection
	GlobalSection(SolutionProperties) = preSolution
		HideSolutionNode = FALSE
	EndGlobalSection
EndGlobal
